
Microsoft Visual Studio Solution File, Format Version 12.00
# Visual Studio 15
VisualStudioVersion = 15.0.27004.2005
MinimumVisualStudioVersion = 10.0.40219.1
Project("{FAE04EC0-301F-11D3-BF4B-00C04F79EFBC}") = "WPFApp", "WPFApp\WPFApp.csproj", "{F8E739F9-401A-49AB-B3E1-087EB292B014}"
	ProjectSection(ProjectDependencies) = postProject
		{CC1ED857-4F98-4FC6-9334-B5C8033676E9} = {CC1ED857-4F98-4FC6-9334-B5C8033676E9}
		{D0AA7CD8-44C2-4EC6-BC95-0E1FB0F492A7} = {D0AA7CD8-44C2-4EC6-BC95-0E1FB0F492A7}
	EndProjectSection
EndProject
Project("{FAE04EC0-301F-11D3-BF4B-00C04F79EFBC}") = "BasePlugins", "BasePlugins\BasePlugins.csproj", "{CC1ED857-4F98-4FC6-9334-B5C8033676E9}"
EndProject
Project("{FAE04EC0-301F-11D3-BF4B-00C04F79EFBC}") = "DnsDig", "DnsDig\DnsDig.csproj", "{B1EACF94-22A9-4C47-9BE5-33332E39E07B}"
EndProject
Project("{2150E333-8FDC-42A3-9474-1A3956D46DE8}") = "Solution Items", "Solution Items", "{079C9CC8-359B-4B53-855E-C5AB0612BA9B}"
	ProjectSection(SolutionItems) = preProject
		CHANGELOG.md = CHANGELOG.md
		README.md = README.md
	EndProjectSection
EndProject
Project("{FAE04EC0-301F-11D3-BF4B-00C04F79EFBC}") = "LanscannerPlugin", "LanscannerPlugin\LanscannerPlugin.csproj", "{D0AA7CD8-44C2-4EC6-BC95-0E1FB0F492A7}"
EndProject
Global
	GlobalSection(SolutionConfigurationPlatforms) = preSolution
		Debug|Any CPU = Debug|Any CPU
		Release|Any CPU = Release|Any CPU
	EndGlobalSection
	GlobalSection(ProjectConfigurationPlatforms) = postSolution
		{F8E739F9-401A-49AB-B3E1-087EB292B014}.Debug|Any CPU.ActiveCfg = Debug|Any CPU
		{F8E739F9-401A-49AB-B3E1-087EB292B014}.Debug|Any CPU.Build.0 = Debug|Any CPU
		{F8E739F9-401A-49AB-B3E1-087EB292B014}.Release|Any CPU.ActiveCfg = Release|Any CPU
		{F8E739F9-401A-49AB-B3E1-087EB292B014}.Release|Any CPU.Build.0 = Release|Any CPU
		{CC1ED857-4F98-4FC6-9334-B5C8033676E9}.Debug|Any CPU.ActiveCfg = Debug|Any CPU
		{CC1ED857-4F98-4FC6-9334-B5C8033676E9}.Debug|Any CPU.Build.0 = Debug|Any CPU
		{CC1ED857-4F98-4FC6-9334-B5C8033676E9}.Release|Any CPU.ActiveCfg = Release|Any CPU
		{CC1ED857-4F98-4FC6-9334-B5C8033676E9}.Release|Any CPU.Build.0 = Release|Any CPU
		{B1EACF94-22A9-4C47-9BE5-33332E39E07B}.Debug|Any CPU.ActiveCfg = Debug|Any CPU
		{B1EACF94-22A9-4C47-9BE5-33332E39E07B}.Debug|Any CPU.Build.0 = Debug|Any CPU
		{B1EACF94-22A9-4C47-9BE5-33332E39E07B}.Release|Any CPU.ActiveCfg = Release|Any CPU
		{B1EACF94-22A9-4C47-9BE5-33332E39E07B}.Release|Any CPU.Build.0 = Release|Any CPU
		{D0AA7CD8-44C2-4EC6-BC95-0E1FB0F492A7}.Debug|Any CPU.ActiveCfg = Debug|Any CPU
		{D0AA7CD8-44C2-4EC6-BC95-0E1FB0F492A7}.Debug|Any CPU.Build.0 = Debug|Any CPU
		{D0AA7CD8-44C2-4EC6-BC95-0E1FB0F492A7}.Release|Any CPU.ActiveCfg = Release|Any CPU
		{D0AA7CD8-44C2-4EC6-BC95-0E1FB0F492A7}.Release|Any CPU.Build.0 = Release|Any CPU
	EndGlobalSection
	GlobalSection(SolutionProperties) = preSolution
		HideSolutionNode = FALSE
	EndGlobalSection
	GlobalSection(ExtensibilityGlobals) = postSolution
		SolutionGuid = {1A25E966-B7EE-4E50-BA04-89CA7BA2F4A2}
	EndGlobalSection
EndGlobal
